
Microsoft Visual Studio Solution File, Format Version 12.00
# Visual Studio 15
VisualStudioVersion = 15.0.27428.2037
MinimumVisualStudioVersion = 10.0.40219.1
Project("{8BC9CEB8-8B4A-11D0-8D11-00A0C91BC942}") = "CPPLessons", "CPPLessons.vcxproj", "{E4CFA68E-D52B-4CAE-982B-C373A3BC723F}"
EndProject
Project("{8BC9CEB8-8B4A-11D0-8D11-00A0C91BC942}") = "Exercise_6.30", "..\Exercise6.30\Exercise6.30.vcxproj", "{F9206ED3-5818-4D81-8C1F-F8ACDD763CCE}"
EndProject
Project("{8BC9CEB8-8B4A-11D0-8D11-00A0C91BC942}") = "Practice_Operators", "OperatorPractice\OperatorPractice.vcxproj", "{B1F4ACEC-AA38-4191-9789-B344C1A5CED7}"
EndProject
Project("{8BC9CEB8-8B4A-11D0-8D11-00A0C91BC942}") = "Practice_HelloWorld", "..\HelloWorld\HelloWorld.vcxproj", "{431317D0-2B82-4DDD-A444-CED8B2F85F2C}"
EndProject
Project("{8BC9CEB8-8B4A-11D0-8D11-00A0C91BC942}") = "Practice_Linking", "LinkingPractice\LinkingPractice.vcxproj", "{622D7415-E66D-43E2-8C53-6C17B432483E}"
EndProject
Project("{8BC9CEB8-8B4A-11D0-8D11-00A0C91BC942}") = "Practice_HowCompilerWorks", "Practice_HowCompilerWorks\Practice_HowCompilerWorks.vcxproj", "{5738ADEB-A056-4239-8CB7-00D579D836E5}"
EndProject
Global
	GlobalSection(SolutionConfigurationPlatforms) = preSolution
		Debug|Any CPU = Debug|Any CPU
		Debug|x64 = Debug|x64
		Debug|x86 = Debug|x86
		Release|Any CPU = Release|Any CPU
		Release|x64 = Release|x64
		Release|x86 = Release|x86
	EndGlobalSection
	GlobalSection(ProjectConfigurationPlatforms) = postSolution
		{E4CFA68E-D52B-4CAE-982B-C373A3BC723F}.Debug|Any CPU.ActiveCfg = Debug|Win32
		{E4CFA68E-D52B-4CAE-982B-C373A3BC723F}.Debug|x64.ActiveCfg = Debug|x64
		{E4CFA68E-D52B-4CAE-982B-C373A3BC723F}.Debug|x64.Build.0 = Debug|x64
		{E4CFA68E-D52B-4CAE-982B-C373A3BC723F}.Debug|x86.ActiveCfg = Debug|Win32
		{E4CFA68E-D52B-4CAE-982B-C373A3BC723F}.Debug|x86.Build.0 = Debug|Win32
		{E4CFA68E-D52B-4CAE-982B-C373A3BC723F}.Release|Any CPU.ActiveCfg = Release|Win32
		{E4CFA68E-D52B-4CAE-982B-C373A3BC723F}.Release|x64.ActiveCfg = Release|x64
		{E4CFA68E-D52B-4CAE-982B-C373A3BC723F}.Release|x64.Build.0 = Release|x64
		{E4CFA68E-D52B-4CAE-982B-C373A3BC723F}.Release|x86.ActiveCfg = Release|Win32
		{E4CFA68E-D52B-4CAE-982B-C373A3BC723F}.Release|x86.Build.0 = Release|Win32
		{F9206ED3-5818-4D81-8C1F-F8ACDD763CCE}.Debug|Any CPU.ActiveCfg = Debug|Win32
		{F9206ED3-5818-4D81-8C1F-F8ACDD763CCE}.Debug|x64.ActiveCfg = Debug|x64
		{F9206ED3-5818-4D81-8C1F-F8ACDD763CCE}.Debug|x64.Build.0 = Debug|x64
		{F9206ED3-5818-4D81-8C1F-F8ACDD763CCE}.Debug|x86.ActiveCfg = Debug|Win32
		{F9206ED3-5818-4D81-8C1F-F8ACDD763CCE}.Debug|x86.Build.0 = Debug|Win32
		{F9206ED3-5818-4D81-8C1F-F8ACDD763CCE}.Release|Any CPU.ActiveCfg = Release|Win32
		{F9206ED3-5818-4D81-8C1F-F8ACDD763CCE}.Release|x64.ActiveCfg = Release|x64
		{F9206ED3-5818-4D81-8C1F-F8ACDD763CCE}.Release|x64.Build.0 = Release|x64
		{F9206ED3-5818-4D81-8C1F-F8ACDD763CCE}.Release|x86.ActiveCfg = Release|Win32
		{F9206ED3-5818-4D81-8C1F-F8ACDD763CCE}.Release|x86.Build.0 = Release|Win32
		{B1F4ACEC-AA38-4191-9789-B344C1A5CED7}.Debug|Any CPU.ActiveCfg = Debug|Win32
		{B1F4ACEC-AA38-4191-9789-B344C1A5CED7}.Debug|x64.ActiveCfg = Debug|x64
		{B1F4ACEC-AA38-4191-9789-B344C1A5CED7}.Debug|x64.Build.0 = Debug|x64
		{B1F4ACEC-AA38-4191-9789-B344C1A5CED7}.Debug|x86.ActiveCfg = Debug|Win32
		{B1F4ACEC-AA38-4191-9789-B344C1A5CED7}.Debug|x86.Build.0 = Debug|Win32
		{B1F4ACEC-AA38-4191-9789-B344C1A5CED7}.Release|Any CPU.ActiveCfg = Release|Win32
		{B1F4ACEC-AA38-4191-9789-B344C1A5CED7}.Release|x64.ActiveCfg = Release|x64
		{B1F4ACEC-AA38-4191-9789-B344C1A5CED7}.Release|x64.Build.0 = Release|x64
		{B1F4ACEC-AA38-4191-9789-B344C1A5CED7}.Release|x86.ActiveCfg = Release|Win32
		{B1F4ACEC-AA38-4191-9789-B344C1A5CED7}.Release|x86.Build.0 = Release|Win32
		{431317D0-2B82-4DDD-A444-CED8B2F85F2C}.Debug|Any CPU.ActiveCfg = Debug|Win32
		{431317D0-2B82-4DDD-A444-CED8B2F85F2C}.Debug|x64.ActiveCfg = Debug|x64
		{431317D0-2B82-4DDD-A444-CED8B2F85F2C}.Debug|x64.Build.0 = Debug|x64
		{431317D0-2B82-4DDD-A444-CED8B2F85F2C}.Debug|x86.ActiveCfg = Debug|Win32
		{431317D0-2B82-4DDD-A444-CED8B2F85F2C}.Debug|x86.Build.0 = Debug|Win32
		{431317D0-2B82-4DDD-A444-CED8B2F85F2C}.Release|Any CPU.ActiveCfg = Release|Win32
		{431317D0-2B82-4DDD-A444-CED8B2F85F2C}.Release|x64.ActiveCfg = Release|x64
		{431317D0-2B82-4DDD-A444-CED8B2F85F2C}.Release|x64.Build.0 = Release|x64
		{431317D0-2B82-4DDD-A444-CED8B2F85F2C}.Release|x86.ActiveCfg = Release|Win32
		{431317D0-2B82-4DDD-A444-CED8B2F85F2C}.Release|x86.Build.0 = Release|Win32
		{622D7415-E66D-43E2-8C53-6C17B432483E}.Debug|Any CPU.ActiveCfg = Debug|Win32
		{622D7415-E66D-43E2-8C53-6C17B432483E}.Debug|x64.ActiveCfg = Debug|x64
		{622D7415-E66D-43E2-8C53-6C17B432483E}.Debug|x64.Build.0 = Debug|x64
		{622D7415-E66D-43E2-8C53-6C17B432483E}.Debug|x86.ActiveCfg = Debug|Win32
		{622D7415-E66D-43E2-8C53-6C17B432483E}.Debug|x86.Build.0 = Debug|Win32
		{622D7415-E66D-43E2-8C53-6C17B432483E}.Release|Any CPU.ActiveCfg = Release|Win32
		{622D7415-E66D-43E2-8C53-6C17B432483E}.Release|x64.ActiveCfg = Release|x64
		{622D7415-E66D-43E2-8C53-6C17B432483E}.Release|x64.Build.0 = Release|x64
		{622D7415-E66D-43E2-8C53-6C17B432483E}.Release|x86.ActiveCfg = Release|Win32
		{622D7415-E66D-43E2-8C53-6C17B432483E}.Release|x86.Build.0 = Release|Win32
		{5738ADEB-A056-4239-8CB7-00D579D836E5}.Debug|Any CPU.ActiveCfg = Debug|Win32
		{5738ADEB-A056-4239-8CB7-00D579D836E5}.Debug|x64.ActiveCfg = Debug|x64
		{5738ADEB-A056-4239-8CB7-00D579D836E5}.Debug|x64.Build.0 = Debug|x64
		{5738ADEB-A056-4239-8CB7-00D579D836E5}.Debug|x86.ActiveCfg = Debug|Win32
		{5738ADEB-A056-4239-8CB7-00D579D836E5}.Debug|x86.Build.0 = Debug|Win32
		{5738ADEB-A056-4239-8CB7-00D579D836E5}.Release|Any CPU.ActiveCfg = Release|Win32
		{5738ADEB-A056-4239-8CB7-00D579D836E5}.Release|x64.ActiveCfg = Release|x64
		{5738ADEB-A056-4239-8CB7-00D579D836E5}.Release|x64.Build.0 = Release|x64
		{5738ADEB-A056-4239-8CB7-00D579D836E5}.Release|x86.ActiveCfg = Release|Win32
		{5738ADEB-A056-4239-8CB7-00D579D836E5}.Release|x86.Build.0 = Release|Win32
	EndGlobalSection
	GlobalSection(SolutionProperties) = preSolution
		HideSolutionNode = FALSE
	EndGlobalSection
	GlobalSection(ExtensibilityGlobals) = postSolution
		SolutionGuid = {15A7C358-2086-40B6-97F4-CBD9A85CC419}
	EndGlobalSection
EndGlobal
